
Microsoft Visual Studio Solution File, Format Version 12.00
# Visual Studio Version 17
VisualStudioVersion = 17.9.34728.123
MinimumVisualStudioVersion = 10.0.40219.1
Project("{FAE04EC0-301F-11D3-BF4B-00C04F79EFBC}") = "Asp.NetCore8.0_RealEstate_Dapper_API_Project", "Asp.NetCore8.0_RealEstate_Dapper_API_Project\Asp.NetCore8.0_RealEstate_Dapper_API_Project.csproj", "{417212EB-C53A-4A11-B19F-6B39888A1A0E}"
EndProject
Project("{FAE04EC0-301F-11D3-BF4B-00C04F79EFBC}") = "Asp.NetCore8.0_RealEstate_Dapper_UI_Project", "Asp.NetCore8.0_RealEstate_Dapper_UI_Project\Asp.NetCore8.0_RealEstate_Dapper_UI_Project.csproj", "{4FD87198-2171-4EC0-B8BF-2759B8EF714E}"
EndProject
Global
	GlobalSection(SolutionConfigurationPlatforms) = preSolution
		Debug|Any CPU = Debug|Any CPU
		Release|Any CPU = Release|Any CPU
	EndGlobalSection
	GlobalSection(ProjectConfigurationPlatforms) = postSolution
		{417212EB-C53A-4A11-B19F-6B39888A1A0E}.Debug|Any CPU.ActiveCfg = Debug|Any CPU
		{417212EB-C53A-4A11-B19F-6B39888A1A0E}.Debug|Any CPU.Build.0 = Debug|Any CPU
		{417212EB-C53A-4A11-B19F-6B39888A1A0E}.Release|Any CPU.ActiveCfg = Release|Any CPU
		{417212EB-C53A-4A11-B19F-6B39888A1A0E}.Release|Any CPU.Build.0 = Release|Any CPU
		{4FD87198-2171-4EC0-B8BF-2759B8EF714E}.Debug|Any CPU.ActiveCfg = Debug|Any CPU
		{4FD87198-2171-4EC0-B8BF-2759B8EF714E}.Debug|Any CPU.Build.0 = Debug|Any CPU
		{4FD87198-2171-4EC0-B8BF-2759B8EF714E}.Release|Any CPU.ActiveCfg = Release|Any CPU
		{4FD87198-2171-4EC0-B8BF-2759B8EF714E}.Release|Any CPU.Build.0 = Release|Any CPU
	EndGlobalSection
	GlobalSection(SolutionProperties) = preSolution
		HideSolutionNode = FALSE
	EndGlobalSection
	GlobalSection(ExtensibilityGlobals) = postSolution
		SolutionGuid = {E1CABC78-E936-435B-8878-B7725E218777}
	EndGlobalSection
EndGlobal
